
Microsoft Visual Studio Solution File, Format Version 12.00
# Visual Studio Version 16
VisualStudioVersion = 16.0.30907.101
MinimumVisualStudioVersion = 10.0.40219.1
Project("{E24C65DC-7377-472B-9ABA-BC803B73C61A}") = "AoDauShop(1)", ".", "{DEB3DF67-173E-4F45-A500-8576808D87BA}"
	ProjectSection(WebsiteProperties) = preProject
		TargetFrameworkMoniker = ".NETFramework,Version%3Dv3.5"
		Debug.AspNetCompiler.VirtualPath = "/localhost_49734"
		Debug.AspNetCompiler.PhysicalPath = "..\..\..\Desktop\SOUCRE CODE WEB\ASPNET\AoDauShop\"
		Debug.AspNetCompiler.TargetPath = "PrecompiledWeb\localhost_49734\"
		Debug.AspNetCompiler.Updateable = "true"
		Debug.AspNetCompiler.ForceOverwrite = "true"
		Debug.AspNetCompiler.FixedNames = "false"
		Debug.AspNetCompiler.Debug = "True"
		Release.AspNetCompiler.VirtualPath = "/localhost_49734"
		Release.AspNetCompiler.PhysicalPath = "..\..\..\Desktop\SOUCRE CODE WEB\ASPNET\AoDauShop\"
		Release.AspNetCompiler.TargetPath = "PrecompiledWeb\localhost_49734\"
		Release.AspNetCompiler.Updateable = "true"
		Release.AspNetCompiler.ForceOverwrite = "true"
		Release.AspNetCompiler.FixedNames = "false"
		Release.AspNetCompiler.Debug = "False"
		VWDPort = "49734"
	EndProjectSection
EndProject
Global
	GlobalSection(SolutionConfigurationPlatforms) = preSolution
		Debug|Any CPU = Debug|Any CPU
	EndGlobalSection
	GlobalSection(ProjectConfigurationPlatforms) = postSolution
		{DEB3DF67-173E-4F45-A500-8576808D87BA}.Debug|Any CPU.ActiveCfg = Debug|Any CPU
		{DEB3DF67-173E-4F45-A500-8576808D87BA}.Debug|Any CPU.Build.0 = Debug|Any CPU
	EndGlobalSection
	GlobalSection(SolutionProperties) = preSolution
		HideSolutionNode = FALSE
	EndGlobalSection
	GlobalSection(ExtensibilityGlobals) = postSolution
		SolutionGuid = {5C4B277B-62D0-46D2-82F4-92AB0C51F4B7}
	EndGlobalSection
EndGlobal
